
Microsoft Visual Studio Solution File, Format Version 12.00
# Visual Studio Version 16
VisualStudioVersion = 16.0.31911.196
MinimumVisualStudioVersion = 10.0.40219.1
Project("{9A19103F-16F7-4668-BE54-9A1E7A4F7556}") = "Identity.API", "Services\Identity\Identity.API\Identity.API.csproj", "{C0A7918D-B4F2-4E7F-8DE2-1E5279EF079F}"
EndProject
Project("{2150E333-8FDC-42A3-9474-1A3956D46DE8}") = "Services", "Services", "{A09574AD-0C0E-4521-A266-C4CD256C896B}"
EndProject
Project("{2150E333-8FDC-42A3-9474-1A3956D46DE8}") = "Identity", "Identity", "{34D5132B-9948-42CF-88AA-2186C6583F2B}"
EndProject
Project("{2150E333-8FDC-42A3-9474-1A3956D46DE8}") = "Payment", "Payment", "{49628CAF-6D81-446C-AAB6-B1EB813A1426}"
EndProject
Project("{9A19103F-16F7-4668-BE54-9A1E7A4F7556}") = "Payment.API", "Services\Payment\Payment.API\Payment.API.csproj", "{C6450FCB-063D-4E97-AAC6-04602DF3FF6F}"
EndProject
Project("{9A19103F-16F7-4668-BE54-9A1E7A4F7556}") = "Payment.Domain", "Services\Payment\Payment.Domain\Payment.Domain.csproj", "{C8C887CC-B027-471C-A71A-B1AFD6CAA64F}"
EndProject
Project("{9A19103F-16F7-4668-BE54-9A1E7A4F7556}") = "Payment.Infrastructure", "Services\Payment\Payment.Infrastructure\Payment.Infrastructure.csproj", "{50FC1201-3C3C-4802-87AE-20F28575A2A8}"
EndProject
Project("{2150E333-8FDC-42A3-9474-1A3956D46DE8}") = "Bank", "Bank", "{03C594AE-5097-47F7-BB3F-8C25142497D5}"
EndProject
Project("{9A19103F-16F7-4668-BE54-9A1E7A4F7556}") = "Bank.API", "Services\Bank\Bank.API\Bank.API.csproj", "{C558B848-921B-44CE-835A-EA22D5855F2B}"
EndProject
Global
	GlobalSection(SolutionConfigurationPlatforms) = preSolution
		Debug|Any CPU = Debug|Any CPU
		Debug|x64 = Debug|x64
		Debug|x86 = Debug|x86
		Release|Any CPU = Release|Any CPU
		Release|x64 = Release|x64
		Release|x86 = Release|x86
	EndGlobalSection
	GlobalSection(ProjectConfigurationPlatforms) = postSolution
		{C0A7918D-B4F2-4E7F-8DE2-1E5279EF079F}.Debug|Any CPU.ActiveCfg = Debug|Any CPU
		{C0A7918D-B4F2-4E7F-8DE2-1E5279EF079F}.Debug|Any CPU.Build.0 = Debug|Any CPU
		{C0A7918D-B4F2-4E7F-8DE2-1E5279EF079F}.Debug|x64.ActiveCfg = Debug|Any CPU
		{C0A7918D-B4F2-4E7F-8DE2-1E5279EF079F}.Debug|x64.Build.0 = Debug|Any CPU
		{C0A7918D-B4F2-4E7F-8DE2-1E5279EF079F}.Debug|x86.ActiveCfg = Debug|Any CPU
		{C0A7918D-B4F2-4E7F-8DE2-1E5279EF079F}.Debug|x86.Build.0 = Debug|Any CPU
		{C0A7918D-B4F2-4E7F-8DE2-1E5279EF079F}.Release|Any CPU.ActiveCfg = Release|Any CPU
		{C0A7918D-B4F2-4E7F-8DE2-1E5279EF079F}.Release|Any CPU.Build.0 = Release|Any CPU
		{C0A7918D-B4F2-4E7F-8DE2-1E5279EF079F}.Release|x64.ActiveCfg = Release|Any CPU
		{C0A7918D-B4F2-4E7F-8DE2-1E5279EF079F}.Release|x64.Build.0 = Release|Any CPU
		{C0A7918D-B4F2-4E7F-8DE2-1E5279EF079F}.Release|x86.ActiveCfg = Release|Any CPU
		{C0A7918D-B4F2-4E7F-8DE2-1E5279EF079F}.Release|x86.Build.0 = Release|Any CPU
		{C6450FCB-063D-4E97-AAC6-04602DF3FF6F}.Debug|Any CPU.ActiveCfg = Debug|Any CPU
		{C6450FCB-063D-4E97-AAC6-04602DF3FF6F}.Debug|Any CPU.Build.0 = Debug|Any CPU
		{C6450FCB-063D-4E97-AAC6-04602DF3FF6F}.Debug|x64.ActiveCfg = Debug|Any CPU
		{C6450FCB-063D-4E97-AAC6-04602DF3FF6F}.Debug|x64.Build.0 = Debug|Any CPU
		{C6450FCB-063D-4E97-AAC6-04602DF3FF6F}.Debug|x86.ActiveCfg = Debug|Any CPU
		{C6450FCB-063D-4E97-AAC6-04602DF3FF6F}.Debug|x86.Build.0 = Debug|Any CPU
		{C6450FCB-063D-4E97-AAC6-04602DF3FF6F}.Release|Any CPU.ActiveCfg = Release|Any CPU
		{C6450FCB-063D-4E97-AAC6-04602DF3FF6F}.Release|Any CPU.Build.0 = Release|Any CPU
		{C6450FCB-063D-4E97-AAC6-04602DF3FF6F}.Release|x64.ActiveCfg = Release|Any CPU
		{C6450FCB-063D-4E97-AAC6-04602DF3FF6F}.Release|x64.Build.0 = Release|Any CPU
		{C6450FCB-063D-4E97-AAC6-04602DF3FF6F}.Release|x86.ActiveCfg = Release|Any CPU
		{C6450FCB-063D-4E97-AAC6-04602DF3FF6F}.Release|x86.Build.0 = Release|Any CPU
		{C8C887CC-B027-471C-A71A-B1AFD6CAA64F}.Debug|Any CPU.ActiveCfg = Debug|Any CPU
		{C8C887CC-B027-471C-A71A-B1AFD6CAA64F}.Debug|Any CPU.Build.0 = Debug|Any CPU
		{C8C887CC-B027-471C-A71A-B1AFD6CAA64F}.Debug|x64.ActiveCfg = Debug|Any CPU
		{C8C887CC-B027-471C-A71A-B1AFD6CAA64F}.Debug|x64.Build.0 = Debug|Any CPU
		{C8C887CC-B027-471C-A71A-B1AFD6CAA64F}.Debug|x86.ActiveCfg = Debug|Any CPU
		{C8C887CC-B027-471C-A71A-B1AFD6CAA64F}.Debug|x86.Build.0 = Debug|Any CPU
		{C8C887CC-B027-471C-A71A-B1AFD6CAA64F}.Release|Any CPU.ActiveCfg = Release|Any CPU
		{C8C887CC-B027-471C-A71A-B1AFD6CAA64F}.Release|Any CPU.Build.0 = Release|Any CPU
		{C8C887CC-B027-471C-A71A-B1AFD6CAA64F}.Release|x64.ActiveCfg = Release|Any CPU
		{C8C887CC-B027-471C-A71A-B1AFD6CAA64F}.Release|x64.Build.0 = Release|Any CPU
		{C8C887CC-B027-471C-A71A-B1AFD6CAA64F}.Release|x86.ActiveCfg = Release|Any CPU
		{C8C887CC-B027-471C-A71A-B1AFD6CAA64F}.Release|x86.Build.0 = Release|Any CPU
		{50FC1201-3C3C-4802-87AE-20F28575A2A8}.Debug|Any CPU.ActiveCfg = Debug|Any CPU
		{50FC1201-3C3C-4802-87AE-20F28575A2A8}.Debug|Any CPU.Build.0 = Debug|Any CPU
		{50FC1201-3C3C-4802-87AE-20F28575A2A8}.Debug|x64.ActiveCfg = Debug|Any CPU
		{50FC1201-3C3C-4802-87AE-20F28575A2A8}.Debug|x64.Build.0 = Debug|Any CPU
		{50FC1201-3C3C-4802-87AE-20F28575A2A8}.Debug|x86.ActiveCfg = Debug|Any CPU
		{50FC1201-3C3C-4802-87AE-20F28575A2A8}.Debug|x86.Build.0 = Debug|Any CPU
		{50FC1201-3C3C-4802-87AE-20F28575A2A8}.Release|Any CPU.ActiveCfg = Release|Any CPU
		{50FC1201-3C3C-4802-87AE-20F28575A2A8}.Release|Any CPU.Build.0 = Release|Any CPU
		{50FC1201-3C3C-4802-87AE-20F28575A2A8}.Release|x64.ActiveCfg = Release|Any CPU
		{50FC1201-3C3C-4802-87AE-20F28575A2A8}.Release|x64.Build.0 = Release|Any CPU
		{50FC1201-3C3C-4802-87AE-20F28575A2A8}.Release|x86.ActiveCfg = Release|Any CPU
		{50FC1201-3C3C-4802-87AE-20F28575A2A8}.Release|x86.Build.0 = Release|Any CPU
		{C558B848-921B-44CE-835A-EA22D5855F2B}.Debug|Any CPU.ActiveCfg = Debug|Any CPU
		{C558B848-921B-44CE-835A-EA22D5855F2B}.Debug|Any CPU.Build.0 = Debug|Any CPU
		{C558B848-921B-44CE-835A-EA22D5855F2B}.Debug|x64.ActiveCfg = Debug|Any CPU
		{C558B848-921B-44CE-835A-EA22D5855F2B}.Debug|x64.Build.0 = Debug|Any CPU
		{C558B848-921B-44CE-835A-EA22D5855F2B}.Debug|x86.ActiveCfg = Debug|Any CPU
		{C558B848-921B-44CE-835A-EA22D5855F2B}.Debug|x86.Build.0 = Debug|Any CPU
		{C558B848-921B-44CE-835A-EA22D5855F2B}.Release|Any CPU.ActiveCfg = Release|Any CPU
		{C558B848-921B-44CE-835A-EA22D5855F2B}.Release|Any CPU.Build.0 = Release|Any CPU
		{C558B848-921B-44CE-835A-EA22D5855F2B}.Release|x64.ActiveCfg = Release|Any CPU
		{C558B848-921B-44CE-835A-EA22D5855F2B}.Release|x64.Build.0 = Release|Any CPU
		{C558B848-921B-44CE-835A-EA22D5855F2B}.Release|x86.ActiveCfg = Release|Any CPU
		{C558B848-921B-44CE-835A-EA22D5855F2B}.Release|x86.Build.0 = Release|Any CPU
	EndGlobalSection
	GlobalSection(SolutionProperties) = preSolution
		HideSolutionNode = FALSE
	EndGlobalSection
	GlobalSection(NestedProjects) = preSolution
		{C0A7918D-B4F2-4E7F-8DE2-1E5279EF079F} = {34D5132B-9948-42CF-88AA-2186C6583F2B}
		{34D5132B-9948-42CF-88AA-2186C6583F2B} = {A09574AD-0C0E-4521-A266-C4CD256C896B}
		{49628CAF-6D81-446C-AAB6-B1EB813A1426} = {A09574AD-0C0E-4521-A266-C4CD256C896B}
		{C6450FCB-063D-4E97-AAC6-04602DF3FF6F} = {49628CAF-6D81-446C-AAB6-B1EB813A1426}
		{C8C887CC-B027-471C-A71A-B1AFD6CAA64F} = {49628CAF-6D81-446C-AAB6-B1EB813A1426}
		{50FC1201-3C3C-4802-87AE-20F28575A2A8} = {49628CAF-6D81-446C-AAB6-B1EB813A1426}
		{03C594AE-5097-47F7-BB3F-8C25142497D5} = {A09574AD-0C0E-4521-A266-C4CD256C896B}
		{C558B848-921B-44CE-835A-EA22D5855F2B} = {03C594AE-5097-47F7-BB3F-8C25142497D5}
	EndGlobalSection
	GlobalSection(ExtensibilityGlobals) = postSolution
		SolutionGuid = {03E337A9-E016-4D7C-BE02-F4A837F19B3E}
	EndGlobalSection
EndGlobal
